
Microsoft Visual Studio Solution File, Format Version 12.00
# Visual Studio 2013
VisualStudioVersion = 12.0.30501.0
MinimumVisualStudioVersion = 10.0.40219.1
Project("{FAE04EC0-301F-11D3-BF4B-00C04F79EFBC}") = "GoldParserEngine", "GoldParserEngine\GoldParserEngine.csproj", "{90C11230-DE46-40EF-8804-636E3CD122C7}"
EndProject
Project("{FAE04EC0-301F-11D3-BF4B-00C04F79EFBC}") = "Samples.BooleanExpression", "Samples.BooleanExpression\Samples.BooleanExpression.csproj", "{22D2513B-826D-43B8-BBAC-B7ED571BF5DB}"
EndProject
Global
	GlobalSection(SolutionConfigurationPlatforms) = preSolution
		Debug|Any CPU = Debug|Any CPU
		Release|Any CPU = Release|Any CPU
	EndGlobalSection
	GlobalSection(ProjectConfigurationPlatforms) = postSolution
		{90C11230-DE46-40EF-8804-636E3CD122C7}.Debug|Any CPU.ActiveCfg = Debug|Any CPU
		{90C11230-DE46-40EF-8804-636E3CD122C7}.Debug|Any CPU.Build.0 = Debug|Any CPU
		{90C11230-DE46-40EF-8804-636E3CD122C7}.Release|Any CPU.ActiveCfg = Release|Any CPU
		{90C11230-DE46-40EF-8804-636E3CD122C7}.Release|Any CPU.Build.0 = Release|Any CPU
		{22D2513B-826D-43B8-BBAC-B7ED571BF5DB}.Debug|Any CPU.ActiveCfg = Debug|Any CPU
		{22D2513B-826D-43B8-BBAC-B7ED571BF5DB}.Debug|Any CPU.Build.0 = Debug|Any CPU
		{22D2513B-826D-43B8-BBAC-B7ED571BF5DB}.Release|Any CPU.ActiveCfg = Release|Any CPU
		{22D2513B-826D-43B8-BBAC-B7ED571BF5DB}.Release|Any CPU.Build.0 = Release|Any CPU
	EndGlobalSection
	GlobalSection(SolutionProperties) = preSolution
		HideSolutionNode = FALSE
	EndGlobalSection
EndGlobal
